
Microsoft Visual Studio Solution File, Format Version 12.00
# Visual Studio 14
VisualStudioVersion = 14.0.25420.1
MinimumVisualStudioVersion = 10.0.40219.1
Project("{2150E333-8FDC-42A3-9474-1A3956D46DE8}") = "src", "src", "{C3399FC9-9AC4-4E69-811A-2EA0939FE5C2}"
EndProject
Project("{2150E333-8FDC-42A3-9474-1A3956D46DE8}") = "Solution Items", "Solution Items", "{CAB659C0-D680-4975-B481-42FBABF5ACA0}"
	ProjectSection(SolutionItems) = preProject
		appveyor.yml = appveyor.yml
		global.json = global.json
		README.md = README.md
	EndProjectSection
EndProject
Project("{8BB2217D-0F2D-49D1-97BC-3654ED321F3B}") = "AHNet.Web", "src\AHNet.Web\AHNet.Web.xproj", "{3D3C59DA-C470-409E-9229-B69946C9D36C}"
EndProject
Global
	GlobalSection(SolutionConfigurationPlatforms) = preSolution
		Debug|Any CPU = Debug|Any CPU
		Release|Any CPU = Release|Any CPU
	EndGlobalSection
	GlobalSection(ProjectConfigurationPlatforms) = postSolution
		{3D3C59DA-C470-409E-9229-B69946C9D36C}.Debug|Any CPU.ActiveCfg = Debug|Any CPU
		{3D3C59DA-C470-409E-9229-B69946C9D36C}.Debug|Any CPU.Build.0 = Debug|Any CPU
		{3D3C59DA-C470-409E-9229-B69946C9D36C}.Release|Any CPU.ActiveCfg = Release|Any CPU
		{3D3C59DA-C470-409E-9229-B69946C9D36C}.Release|Any CPU.Build.0 = Release|Any CPU
		{604FC54E-561E-4FE6-954B-92575BE54BAD}.Debug|Any CPU.ActiveCfg = Debug|Any CPU
		{604FC54E-561E-4FE6-954B-92575BE54BAD}.Debug|Any CPU.Build.0 = Debug|Any CPU
		{604FC54E-561E-4FE6-954B-92575BE54BAD}.Release|Any CPU.ActiveCfg = Release|Any CPU
		{604FC54E-561E-4FE6-954B-92575BE54BAD}.Release|Any CPU.Build.0 = Release|Any CPU
	EndGlobalSection
	GlobalSection(SolutionProperties) = preSolution
		HideSolutionNode = FALSE
	EndGlobalSection
	GlobalSection(NestedProjects) = preSolution
		{3D3C59DA-C470-409E-9229-B69946C9D36C} = {C3399FC9-9AC4-4E69-811A-2EA0939FE5C2}
		{604FC54E-561E-4FE6-954B-92575BE54BAD} = {C3399FC9-9AC4-4E69-811A-2EA0939FE5C2}
	EndGlobalSection
EndGlobal
